
Microsoft Visual Studio Solution File, Format Version 12.00
# Visual Studio Version 16
VisualStudioVersion = 16.0.29318.209
MinimumVisualStudioVersion = 10.0.40219.1
Project("{9A19103F-16F7-4668-BE54-9A1E7A4F7556}") = "CommonCSSGenerator", "CommonCSSGenerator.csproj", "{D66F56CB-1CFF-4A31-B6B0-D9C6B73F9208}"
EndProject
Global
	GlobalSection(SolutionConfigurationPlatforms) = preSolution
		Debug|Any CPU = Debug|Any CPU
		Release|Any CPU = Release|Any CPU
	EndGlobalSection
	GlobalSection(ProjectConfigurationPlatforms) = postSolution
		{D66F56CB-1CFF-4A31-B6B0-D9C6B73F9208}.Debug|Any CPU.ActiveCfg = Debug|Any CPU
		{D66F56CB-1CFF-4A31-B6B0-D9C6B73F9208}.Debug|Any CPU.Build.0 = Debug|Any CPU
		{D66F56CB-1CFF-4A31-B6B0-D9C6B73F9208}.Release|Any CPU.ActiveCfg = Release|Any CPU
		{D66F56CB-1CFF-4A31-B6B0-D9C6B73F9208}.Release|Any CPU.Build.0 = Release|Any CPU
	EndGlobalSection
	GlobalSection(SolutionProperties) = preSolution
		HideSolutionNode = FALSE
	EndGlobalSection
	GlobalSection(ExtensibilityGlobals) = postSolution
		SolutionGuid = {A7E0095A-F08C-4972-8E80-25B5DEC3A535}
	EndGlobalSection
EndGlobal
